
Microsoft Visual Studio Solution File, Format Version 12.00
# Visual Studio 2013
VisualStudioVersion = 12.0.30501.0
MinimumVisualStudioVersion = 10.0.40219.1
Project("{F2A71F9B-5D33-465A-A702-920D77279786}") = "Echo", "Echo\Echo.fsproj", "{CCC06CB8-5A25-4A8F-A9A5-E54588A82810}"
EndProject
Global
	GlobalSection(SolutionConfigurationPlatforms) = preSolution
		Debug|Any CPU = Debug|Any CPU
		Release|Any CPU = Release|Any CPU
	EndGlobalSection
	GlobalSection(ProjectConfigurationPlatforms) = postSolution
		{CCC06CB8-5A25-4A8F-A9A5-E54588A82810}.Debug|Any CPU.ActiveCfg = Debug|Any CPU
		{CCC06CB8-5A25-4A8F-A9A5-E54588A82810}.Debug|Any CPU.Build.0 = Debug|Any CPU
		{CCC06CB8-5A25-4A8F-A9A5-E54588A82810}.Release|Any CPU.ActiveCfg = Release|Any CPU
		{CCC06CB8-5A25-4A8F-A9A5-E54588A82810}.Release|Any CPU.Build.0 = Release|Any CPU
	EndGlobalSection
	GlobalSection(SolutionProperties) = preSolution
		HideSolutionNode = FALSE
	EndGlobalSection
EndGlobal
